// !$*UTF8*$!
{
	archiveVersion = 1;
	classes = {
	};
	objectVersion = 56;
	objects = {

/* Begin PBXBuildFile section */
		09F5DB40DAE9A527BC3E2532 /* AuthWelcomeView.swift in Sources */ = {isa = PBXBuildFile; fileRef = 522ABE70DC963FEE93280E9F /* AuthWelcomeView.swift */; };
		0A684AEED47A45E7811403F0 /* HomeView.swift in Sources */ = {isa = PBXBuildFile; fileRef = 77F0FD454D2243F9954D55DC /* HomeView.swift */; };
		13665979218917FFC4BCE58C /* OnboardingView.swift in Sources */ = {isa = PBXBuildFile; fileRef = E2360973C0FF59F76A261826 /* OnboardingView.swift */; };
		22CB65E17C3C4F9FA2E84F63 /* AppState.swift in Sources */ = {isa = PBXBuildFile; fileRef = 0DFCFF1C6A1D454E80B7C92A /* AppState.swift */; };
		29C465C7919C462EA2F0EE80 /* TrainersView.swift in Sources */ = {isa = PBXBuildFile; fileRef = EFF22D8D8DFC414F82F37E4B /* TrainersView.swift */; };
		392881F6855843ACB49B7B46 /* ContentView.swift in Sources */ = {isa = PBXBuildFile; fileRef = F6DA349D3B1F417F8A2C8A53 /* ContentView.swift */; };
		3D72EF131AA6CEA6CAE3B712 /* CalendarView.swift in Sources */ = {isa = PBXBuildFile; fileRef = 97814377FFBA6C26D2370416 /* CalendarView.swift */; };
		43DEDE797DD968D790F33F8C /* GoogleSignInSwift in Frameworks */ = {isa = PBXBuildFile; productRef = 54C4DE7C53762B58BABB0672 /* GoogleSignInSwift */; };
		549E57A664D84DD0B20D5053 /* Models.swift in Sources */ = {isa = PBXBuildFile; fileRef = 48104F66160A4418A81BD9E8 /* Models.swift */; };
		6ADBF3B74265539A6EBF6406 /* LocationPickerView.swift in Sources */ = {isa = PBXBuildFile; fileRef = 3A8F4F1FEBA387C1FDE46AAB /* LocationPickerView.swift */; };
		6C17FED4B0E290AAFC143DAA /* FoodRecipesView.swift in Sources */ = {isa = PBXBuildFile; fileRef = 2698120D9A63E2D44AAC0BAC /* FoodRecipesView.swift */; };
		72C72954DBB2116B2AFD4773 /* OTPVerificationView.swift in Sources */ = {isa = PBXBuildFile; fileRef = AF71D7C8BED977210B890C67 /* OTPVerificationView.swift */; };
		73F652550548443DB32F62B9 /* StoreView.swift in Sources */ = {isa = PBXBuildFile; fileRef = 187D5C91EAAA4F0DB404FA79 /* StoreView.swift */; };
		827A626C864C99A017D8DBCA /* GymPhotoViewer.swift in Sources */ = {isa = PBXBuildFile; fileRef = 9596908F1DAB612D6DFEC53A /* GymPhotoViewer.swift */; };
		85B05F926201A88F7E64D6EB /* ProgressTabView.swift in Sources */ = {isa = PBXBuildFile; fileRef = 9211968CC2C26B35B6A2E601 /* ProgressTabView.swift */; };
		883CEF1AA585402E8C0803EB /* Theme.swift in Sources */ = {isa = PBXBuildFile; fileRef = 78EEC3E4AC434CCDB1F33D3B /* Theme.swift */; };
		94433A9AEC3147A99FB70FA4 /* CoreAppApp.swift in Sources */ = {isa = PBXBuildFile; fileRef = 6E46CDD914A646D49A055E8D /* CoreAppApp.swift */; };
		A2E860860761333E4C376664 /* SplashView.swift in Sources */ = {isa = PBXBuildFile; fileRef = 5A3B3511191EF0FD2AE5A30D /* SplashView.swift */; };
		A52425A03ABDED55A30EA3BD /* Doto-VariableFont.ttf in Resources */ = {isa = PBXBuildFile; fileRef = 2790B29059F99625C54A6141 /* Doto-VariableFont.ttf */; };
		BB5ABFA5E558988F72FA41EF /* WorkoutsView.swift in Sources */ = {isa = PBXBuildFile; fileRef = 67286F4868E97187636094AA /* WorkoutsView.swift */; };
		C9B21807FFDE44D1958B7CAE /* Assets.xcassets in Resources */ = {isa = PBXBuildFile; fileRef = 0DEA1CB3D4D6477698F2B777 /* Assets.xcassets */; };
		CD6C01682CB4019E62A3746B /* GoogleSignIn in Frameworks */ = {isa = PBXBuildFile; productRef = A6395C7AB467517757FDA0C9 /* GoogleSignIn */; };
		DFD7622C13034D9789B7842F /* ProfileView.swift in Sources */ = {isa = PBXBuildFile; fileRef = 3400C5EA574C43B3B4039970 /* ProfileView.swift */; };
		EB64BE17744245A0AF0F1987 /* Components.swift in Sources */ = {isa = PBXBuildFile; fileRef = 99018F8559804203B50FC4E6 /* Components.swift */; };
		EFE86F868A2D5B5A825B8812 /* AuthService.swift in Sources */ = {isa = PBXBuildFile; fileRef = F7F173CD46DBE0612AD9D873 /* AuthService.swift */; };
		F05383C3B4AB44D838E5F814 /* ProgressDetailView.swift in Sources */ = {isa = PBXBuildFile; fileRef = E07A661384232071008EA8E3 /* ProgressDetailView.swift */; };
/* End PBXBuildFile section */

/* Begin PBXFileReference section */
		0DEA1CB3D4D6477698F2B777 /* Assets.xcassets */ = {isa = PBXFileReference; lastKnownFileType = folder.assetcatalog; path = Assets.xcassets; sourceTree = "<group>"; };
		0DFCFF1C6A1D454E80B7C92A /* AppState.swift */ = {isa = PBXFileReference; lastKnownFileType = sourcecode.swift; path = AppState.swift; sourceTree = "<group>"; };
		187D5C91EAAA4F0DB404FA79 /* StoreView.swift */ = {isa = PBXFileReference; lastKnownFileType = sourcecode.swift; path = StoreView.swift; sourceTree = "<group>"; };
		2698120D9A63E2D44AAC0BAC /* FoodRecipesView.swift */ = {isa = PBXFileReference; includeInIndex = 1; lastKnownFileType = sourcecode.swift; path = FoodRecipesView.swift; sourceTree = "<group>"; };
		2790B29059F99625C54A6141 /* Doto-VariableFont.ttf */ = {isa = PBXFileReference; includeInIndex = 1; path = "Doto-VariableFont.ttf"; sourceTree = "<group>"; };
		3400C5EA574C43B3B4039970 /* ProfileView.swift */ = {isa = PBXFileReference; lastKnownFileType = sourcecode.swift; path = ProfileView.swift; sourceTree = "<group>"; };
		3A8F4F1FEBA387C1FDE46AAB /* LocationPickerView.swift */ = {isa = PBXFileReference; includeInIndex = 1; lastKnownFileType = sourcecode.swift; path = LocationPickerView.swift; sourceTree = "<group>"; };
		48104F66160A4418A81BD9E8 /* Models.swift */ = {isa = PBXFileReference; lastKnownFileType = sourcecode.swift; path = Models.swift; sourceTree = "<group>"; };
		522ABE70DC963FEE93280E9F /* AuthWelcomeView.swift */ = {isa = PBXFileReference; includeInIndex = 1; lastKnownFileType = sourcecode.swift; path = AuthWelcomeView.swift; sourceTree = "<group>"; };
		5A3B3511191EF0FD2AE5A30D /* SplashView.swift */ = {isa = PBXFileReference; includeInIndex = 1; lastKnownFileType = sourcecode.swift; path = SplashView.swift; sourceTree = "<group>"; };
		61189B5DEFF0EFAF7E222014 /* CoreApp.entitlements */ = {isa = PBXFileReference; includeInIndex = 1; lastKnownFileType = text.plist.entitlements; path = CoreApp.entitlements; sourceTree = "<group>"; };
		67286F4868E97187636094AA /* WorkoutsView.swift */ = {isa = PBXFileReference; includeInIndex = 1; lastKnownFileType = sourcecode.swift; path = WorkoutsView.swift; sourceTree = "<group>"; };
		6E46CDD914A646D49A055E8D /* CoreAppApp.swift */ = {isa = PBXFileReference; lastKnownFileType = sourcecode.swift; path = CoreAppApp.swift; sourceTree = "<group>"; };
		77F0FD454D2243F9954D55DC /* HomeView.swift */ = {isa = PBXFileReference; lastKnownFileType = sourcecode.swift; path = HomeView.swift; sourceTree = "<group>"; };
		78EEC3E4AC434CCDB1F33D3B /* Theme.swift */ = {isa = PBXFileReference; lastKnownFileType = sourcecode.swift; path = Theme.swift; sourceTree = "<group>"; };
		9211968CC2C26B35B6A2E601 /* ProgressTabView.swift */ = {isa = PBXFileReference; includeInIndex = 1; lastKnownFileType = sourcecode.swift; path = ProgressTabView.swift; sourceTree = "<group>"; };
		9596908F1DAB612D6DFEC53A /* GymPhotoViewer.swift */ = {isa = PBXFileReference; includeInIndex = 1; lastKnownFileType = sourcecode.swift; path = GymPhotoViewer.swift; sourceTree = "<group>"; };
		97814377FFBA6C26D2370416 /* CalendarView.swift */ = {isa = PBXFileReference; includeInIndex = 1; lastKnownFileType = sourcecode.swift; path = CalendarView.swift; sourceTree = "<group>"; };
		99018F8559804203B50FC4E6 /* Components.swift */ = {isa = PBXFileReference; lastKnownFileType = sourcecode.swift; path = Components.swift; sourceTree = "<group>"; };
		AF71D7C8BED977210B890C67 /* OTPVerificationView.swift */ = {isa = PBXFileReference; includeInIndex = 1; lastKnownFileType = sourcecode.swift; path = OTPVerificationView.swift; sourceTree = "<group>"; };
		E07A661384232071008EA8E3 /* ProgressDetailView.swift */ = {isa = PBXFileReference; includeInIndex = 1; lastKnownFileType = sourcecode.swift; path = ProgressDetailView.swift; sourceTree = "<group>"; };
		E2360973C0FF59F76A261826 /* OnboardingView.swift */ = {isa = PBXFileReference; includeInIndex = 1; lastKnownFileType = sourcecode.swift; path = OnboardingView.swift; sourceTree = "<group>"; };
		EFF22D8D8DFC414F82F37E4B /* TrainersView.swift */ = {isa = PBXFileReference; lastKnownFileType = sourcecode.swift; path = TrainersView.swift; sourceTree = "<group>"; };
		F19E3997796F4D24A679D9FD /* Info.plist */ = {isa = PBXFileReference; lastKnownFileType = text.plist.xml; path = Info.plist; sourceTree = "<group>"; };
		F67907A314E1428CADEF220C /* CoreApp.app */ = {isa = PBXFileReference; explicitFileType = wrapper.application; includeInIndex = 0; path = CoreApp.app; sourceTree = BUILT_PRODUCTS_DIR; };
		F6DA349D3B1F417F8A2C8A53 /* ContentView.swift */ = {isa = PBXFileReference; lastKnownFileType = sourcecode.swift; path = ContentView.swift; sourceTree = "<group>"; };
		F7F173CD46DBE0612AD9D873 /* AuthService.swift */ = {isa = PBXFileReference; includeInIndex = 1; lastKnownFileType = sourcecode.swift; path = AuthService.swift; sourceTree = "<group>"; };
/* End PBXFileReference section */

/* Begin PBXFrameworksBuildPhase section */
		707D533F63BB438F815B6A68 /* Frameworks */ = {
			isa = PBXFrameworksBuildPhase;
			buildActionMask = 2147483647;
			files = (
				CD6C01682CB4019E62A3746B /* GoogleSignIn in Frameworks */,
				43DEDE797DD968D790F33F8C /* GoogleSignInSwift in Frameworks */,
			);
			runOnlyForDeploymentPostprocessing = 0;
		};
/* End PBXFrameworksBuildPhase section */

/* Begin PBXGroup section */
		362612CA95AC4D62A8827A1B /* Products */ = {
			isa = PBXGroup;
			children = (
				F67907A314E1428CADEF220C /* CoreApp.app */,
			);
			name = Products;
			sourceTree = "<group>";
		};
		43C78D2FC523348C25D0FEA2 /* CoreApp */ = {
			isa = PBXGroup;
			children = (
				E2360973C0FF59F76A261826 /* OnboardingView.swift */,
				2698120D9A63E2D44AAC0BAC /* FoodRecipesView.swift */,
				97814377FFBA6C26D2370416 /* CalendarView.swift */,
				9211968CC2C26B35B6A2E601 /* ProgressTabView.swift */,
			);
			name = CoreApp;
			sourceTree = "<group>";
		};
		7603BAC60131412AAEF8FD7D = {
			isa = PBXGroup;
			children = (
				E2EB408E61D34E718D154BF0 /* CoreApp */,
				362612CA95AC4D62A8827A1B /* Products */,
			);
			sourceTree = "<group>";
		};
		E09A658973A5EBE5303D09C0 /* Fonts */ = {
			isa = PBXGroup;
			children = (
				2790B29059F99625C54A6141 /* Doto-VariableFont.ttf */,
			);
			name = Fonts;
			path = Fonts;
			sourceTree = "<group>";
		};
		E2EB408E61D34E718D154BF0 /* CoreApp */ = {
			isa = PBXGroup;
			children = (
				6E46CDD914A646D49A055E8D /* CoreAppApp.swift */,
				F6DA349D3B1F417F8A2C8A53 /* ContentView.swift */,
				78EEC3E4AC434CCDB1F33D3B /* Theme.swift */,
				99018F8559804203B50FC4E6 /* Components.swift */,
				48104F66160A4418A81BD9E8 /* Models.swift */,
				0DFCFF1C6A1D454E80B7C92A /* AppState.swift */,
				77F0FD454D2243F9954D55DC /* HomeView.swift */,
				EFF22D8D8DFC414F82F37E4B /* TrainersView.swift */,
				187D5C91EAAA4F0DB404FA79 /* StoreView.swift */,
				3400C5EA574C43B3B4039970 /* ProfileView.swift */,
				0DEA1CB3D4D6477698F2B777 /* Assets.xcassets */,
				F19E3997796F4D24A679D9FD /* Info.plist */,
				F7F173CD46DBE0612AD9D873 /* AuthService.swift */,
				5A3B3511191EF0FD2AE5A30D /* SplashView.swift */,
				522ABE70DC963FEE93280E9F /* AuthWelcomeView.swift */,
				AF71D7C8BED977210B890C67 /* OTPVerificationView.swift */,
				61189B5DEFF0EFAF7E222014 /* CoreApp.entitlements */,
				E09A658973A5EBE5303D09C0 /* Fonts */,
				67286F4868E97187636094AA /* WorkoutsView.swift */,
				43C78D2FC523348C25D0FEA2 /* CoreApp */,
				9596908F1DAB612D6DFEC53A /* GymPhotoViewer.swift */,
				3A8F4F1FEBA387C1FDE46AAB /* LocationPickerView.swift */,
				E07A661384232071008EA8E3 /* ProgressDetailView.swift */,
			);
			path = CoreApp;
			sourceTree = "<group>";
		};
/* End PBXGroup section */

/* Begin PBXNativeTarget section */
		16CB09FB82414600B0EC7B6B /* CoreApp */ = {
			isa = PBXNativeTarget;
			buildConfigurationList = D2A98774D3C448358108B693 /* Build configuration list for PBXNativeTarget "CoreApp" */;
			buildPhases = (
				F8588A5F52DD491F9AD23F85 /* Sources */,
				707D533F63BB438F815B6A68 /* Frameworks */,
				97675624B1494732BBFE69ED /* Resources */,
			);
			buildRules = (
			);
			dependencies = (
			);
			name = CoreApp;
			packageProductDependencies = (
				A6395C7AB467517757FDA0C9 /* GoogleSignIn */,
				54C4DE7C53762B58BABB0672 /* GoogleSignInSwift */,
			);
			productName = CoreApp;
			productReference = F67907A314E1428CADEF220C /* CoreApp.app */;
			productType = "com.apple.product-type.application";
		};
/* End PBXNativeTarget section */

/* Begin PBXProject section */
		1F7693C8176749AA86B3F729 /* Project object */ = {
			isa = PBXProject;
			attributes = {
				BuildIndependentTargetsInParallel = 1;
				LastSwiftUpdateCheck = 1600;
				LastUpgradeCheck = 1600;
				TargetAttributes = {
					16CB09FB82414600B0EC7B6B = {
						CreatedOnToolsVersion = 16.0;
					};
				};
			};
			buildConfigurationList = 4A614144FF13435FAB57B9D6 /* Build configuration list for PBXProject "CoreApp" */;
			compatibilityVersion = "Xcode 14.0";
			developmentRegion = en;
			hasScannedForEncodings = 0;
			knownRegions = (
				en,
				Base,
			);
			mainGroup = 7603BAC60131412AAEF8FD7D;
			packageReferences = (
				CEAC1B87AD7D9BD3E6B9C73B /* XCRemoteSwiftPackageReference "GoogleSignIn-iOS" */,
			);
			productRefGroup = 362612CA95AC4D62A8827A1B /* Products */;
			projectDirPath = "";
			projectRoot = "";
			targets = (
				16CB09FB82414600B0EC7B6B /* CoreApp */,
			);
		};
/* End PBXProject section */

/* Begin PBXResourcesBuildPhase section */
		97675624B1494732BBFE69ED /* Resources */ = {
			isa = PBXResourcesBuildPhase;
			buildActionMask = 2147483647;
			files = (
				C9B21807FFDE44D1958B7CAE /* Assets.xcassets in Resources */,
				A52425A03ABDED55A30EA3BD /* Doto-VariableFont.ttf in Resources */,
			);
			runOnlyForDeploymentPostprocessing = 0;
		};
/* End PBXResourcesBuildPhase section */

/* Begin PBXSourcesBuildPhase section */
		F8588A5F52DD491F9AD23F85 /* Sources */ = {
			isa = PBXSourcesBuildPhase;
			buildActionMask = 2147483647;
			files = (
				94433A9AEC3147A99FB70FA4 /* CoreAppApp.swift in Sources */,
				392881F6855843ACB49B7B46 /* ContentView.swift in Sources */,
				883CEF1AA585402E8C0803EB /* Theme.swift in Sources */,
				EB64BE17744245A0AF0F1987 /* Components.swift in Sources */,
				549E57A664D84DD0B20D5053 /* Models.swift in Sources */,
				22CB65E17C3C4F9FA2E84F63 /* AppState.swift in Sources */,
				0A684AEED47A45E7811403F0 /* HomeView.swift in Sources */,
				29C465C7919C462EA2F0EE80 /* TrainersView.swift in Sources */,
				73F652550548443DB32F62B9 /* StoreView.swift in Sources */,
				DFD7622C13034D9789B7842F /* ProfileView.swift in Sources */,
				EFE86F868A2D5B5A825B8812 /* AuthService.swift in Sources */,
				A2E860860761333E4C376664 /* SplashView.swift in Sources */,
				09F5DB40DAE9A527BC3E2532 /* AuthWelcomeView.swift in Sources */,
				72C72954DBB2116B2AFD4773 /* OTPVerificationView.swift in Sources */,
				BB5ABFA5E558988F72FA41EF /* WorkoutsView.swift in Sources */,
				13665979218917FFC4BCE58C /* OnboardingView.swift in Sources */,
				6C17FED4B0E290AAFC143DAA /* FoodRecipesView.swift in Sources */,
				3D72EF131AA6CEA6CAE3B712 /* CalendarView.swift in Sources */,
				85B05F926201A88F7E64D6EB /* ProgressTabView.swift in Sources */,
				827A626C864C99A017D8DBCA /* GymPhotoViewer.swift in Sources */,
				6ADBF3B74265539A6EBF6406 /* LocationPickerView.swift in Sources */,
				F05383C3B4AB44D838E5F814 /* ProgressDetailView.swift in Sources */,
			);
			runOnlyForDeploymentPostprocessing = 0;
		};
/* End PBXSourcesBuildPhase section */

/* Begin XCBuildConfiguration section */
		2F4A6E936AFF4C2C8CBF40F1 /* Debug */ = {
			isa = XCBuildConfiguration;
			buildSettings = {
				ASSETCATALOG_COMPILER_APPICON_NAME = AppIcon;
				ASSETCATALOG_COMPILER_GLOBAL_ACCENT_COLOR_NAME = AccentColor;
				CODE_SIGN_ENTITLEMENTS = CoreApp/CoreApp.entitlements;
				CODE_SIGN_STYLE = Automatic;
				CURRENT_PROJECT_VERSION = 1;
				ENABLE_PREVIEWS = YES;
				GENERATE_INFOPLIST_FILE = NO;
				INFOPLIST_FILE = CoreApp/Info.plist;
				IPHONEOS_DEPLOYMENT_TARGET = 26.0;
				LD_RUNPATH_SEARCH_PATHS = (
					"$(inherited)",
					"@executable_path/Frameworks",
				);
				MARKETING_VERSION = 1.0;
				PRODUCT_BUNDLE_IDENTIFIER = com.coreclub.app;
				PRODUCT_NAME = "$(TARGET_NAME)";
				SWIFT_EMIT_LOC_STRINGS = YES;
				SWIFT_VERSION = 5.0;
				TARGETED_DEVICE_FAMILY = 1;
			};
			name = Debug;
		};
		36E472E7EF82429FAEEA1744 /* Release */ = {
			isa = XCBuildConfiguration;
			buildSettings = {
				ASSETCATALOG_COMPILER_APPICON_NAME = AppIcon;
				ASSETCATALOG_COMPILER_GLOBAL_ACCENT_COLOR_NAME = AccentColor;
				CODE_SIGN_ENTITLEMENTS = CoreApp/CoreApp.entitlements;
				CODE_SIGN_STYLE = Automatic;
				CURRENT_PROJECT_VERSION = 1;
				ENABLE_PREVIEWS = YES;
				GENERATE_INFOPLIST_FILE = NO;
				INFOPLIST_FILE = CoreApp/Info.plist;
				IPHONEOS_DEPLOYMENT_TARGET = 26.0;
				LD_RUNPATH_SEARCH_PATHS = (
					"$(inherited)",
					"@executable_path/Frameworks",
				);
				MARKETING_VERSION = 1.0;
				PRODUCT_BUNDLE_IDENTIFIER = com.coreclub.app;
				PRODUCT_NAME = "$(TARGET_NAME)";
				SWIFT_EMIT_LOC_STRINGS = YES;
				SWIFT_VERSION = 5.0;
				TARGETED_DEVICE_FAMILY = 1;
			};
			name = Release;
		};
		894F68B63D234FF4AC28985C /* Debug */ = {
			isa = XCBuildConfiguration;
			buildSettings = {
				ALWAYS_SEARCH_USER_PATHS = NO;
				ASSETCATALOG_COMPILER_GENERATE_SWIFT_ASSET_SYMBOL_EXTENSIONS = YES;
				CLANG_ANALYZER_NONNULL = YES;
				CLANG_ANALYZER_NUMBER_OBJECT_CONVERSION = YES_AGGRESSIVE;
				CLANG_CXX_LANGUAGE_STANDARD = "gnu++20";
				CLANG_ENABLE_MODULES = YES;
				CLANG_ENABLE_OBJC_ARC = YES;
				CLANG_ENABLE_OBJC_WEAK = YES;
				CLANG_WARN_BLOCK_CAPTURE_AUTORELEASING = YES;
				CLANG_WARN_BOOL_CONVERSION = YES;
				CLANG_WARN_COMMA = YES;
				CLANG_WARN_CONSTANT_CONVERSION = YES;
				CLANG_WARN_DEPRECATED_OBJC_IMPLEMENTATIONS = YES;
				CLANG_WARN_DIRECT_OBJC_ISA_USAGE = YES_ERROR;
				CLANG_WARN_DOCUMENTATION_COMMENTS = YES;
				CLANG_WARN_EMPTY_BODY = YES;
				CLANG_WARN_ENUM_CONVERSION = YES;
				CLANG_WARN_INFINITE_RECURSION = YES;
				CLANG_WARN_INT_CONVERSION = YES;
				CLANG_WARN_NON_LITERAL_NULL_CONVERSION = YES;
				CLANG_WARN_OBJC_IMPLICIT_RETAIN_SELF = YES;
				CLANG_WARN_OBJC_LITERAL_CONVERSION = YES;
				CLANG_WARN_OBJC_ROOT_CLASS = YES_ERROR;
				CLANG_WARN_QUOTED_INCLUDE_IN_FRAMEWORK_HEADER = YES;
				CLANG_WARN_RANGE_LOOP_ANALYSIS = YES;
				CLANG_WARN_STRICT_PROTOTYPES = YES;
				CLANG_WARN_SUSPICIOUS_MOVE = YES;
				CLANG_WARN_UNGUARDED_AVAILABILITY = YES_AGGRESSIVE;
				CLANG_WARN_UNREACHABLE_CODE = YES;
				CLANG_WARN__DUPLICATE_METHOD_MATCH = YES;
				COPY_PHASE_STRIP = NO;
				DEBUG_INFORMATION_FORMAT = dwarf;
				ENABLE_STRICT_OBJC_MSGSEND = YES;
				ENABLE_TESTABILITY = YES;
				ENABLE_USER_SCRIPT_SANDBOXING = YES;
				GCC_C_LANGUAGE_STANDARD = gnu17;
				GCC_DYNAMIC_NO_PIC = NO;
				GCC_NO_COMMON_BLOCKS = YES;
				GCC_OPTIMIZATION_LEVEL = 0;
				GCC_PREPROCESSOR_DEFINITIONS = (
					"DEBUG=1",
					"$(inherited)",
				);
				GCC_WARN_64_TO_32_BIT_CONVERSION = YES;
				GCC_WARN_ABOUT_RETURN_TYPE = YES_ERROR;
				GCC_WARN_UNDECLARED_SELECTOR = YES;
				GCC_WARN_UNINITIALIZED_AUTOS = YES_AGGRESSIVE;
				GCC_WARN_UNUSED_FUNCTION = YES;
				GCC_WARN_UNUSED_VARIABLE = YES;
				IPHONEOS_DEPLOYMENT_TARGET = 26.0;
				MTL_ENABLE_DEBUG_INFO = INCLUDE_SOURCE;
				MTL_FAST_MATH = YES;
				ONLY_ACTIVE_ARCH = YES;
				SDKROOT = iphoneos;
				SWIFT_ACTIVE_COMPILATION_CONDITIONS = "DEBUG $(inherited)";
				SWIFT_OPTIMIZATION_LEVEL = "-Onone";
				SWIFT_VERSION = 5.0;
			};
			name = Debug;
		};
		F6C2AEE079F94A72B24E34A9 /* Release */ = {
			isa = XCBuildConfiguration;
			buildSettings = {
				ALWAYS_SEARCH_USER_PATHS = NO;
				ASSETCATALOG_COMPILER_GENERATE_SWIFT_ASSET_SYMBOL_EXTENSIONS = YES;
				CLANG_ANALYZER_NONNULL = YES;
				CLANG_ANALYZER_NUMBER_OBJECT_CONVERSION = YES_AGGRESSIVE;
				CLANG_CXX_LANGUAGE_STANDARD = "gnu++20";
				CLANG_ENABLE_MODULES = YES;
				CLANG_ENABLE_OBJC_ARC = YES;
				CLANG_ENABLE_OBJC_WEAK = YES;
				CLANG_WARN_BLOCK_CAPTURE_AUTORELEASING = YES;
				CLANG_WARN_BOOL_CONVERSION = YES;
				CLANG_WARN_COMMA = YES;
				CLANG_WARN_CONSTANT_CONVERSION = YES;
				CLANG_WARN_DEPRECATED_OBJC_IMPLEMENTATIONS = YES;
				CLANG_WARN_DIRECT_OBJC_ISA_USAGE = YES_ERROR;
				CLANG_WARN_DOCUMENTATION_COMMENTS = YES;
				CLANG_WARN_EMPTY_BODY = YES;
				CLANG_WARN_ENUM_CONVERSION = YES;
				CLANG_WARN_INFINITE_RECURSION = YES;
				CLANG_WARN_INT_CONVERSION = YES;
				CLANG_WARN_NON_LITERAL_NULL_CONVERSION = YES;
				CLANG_WARN_OBJC_IMPLICIT_RETAIN_SELF = YES;
				CLANG_WARN_OBJC_LITERAL_CONVERSION = YES;
				CLANG_WARN_OBJC_ROOT_CLASS = YES_ERROR;
				CLANG_WARN_QUOTED_INCLUDE_IN_FRAMEWORK_HEADER = YES;
				CLANG_WARN_RANGE_LOOP_ANALYSIS = YES;
				CLANG_WARN_STRICT_PROTOTYPES = YES;
				CLANG_WARN_SUSPICIOUS_MOVE = YES;
				CLANG_WARN_UNGUARDED_AVAILABILITY = YES_AGGRESSIVE;
				CLANG_WARN_UNREACHABLE_CODE = YES;
				CLANG_WARN__DUPLICATE_METHOD_MATCH = YES;
				COPY_PHASE_STRIP = NO;
				DEBUG_INFORMATION_FORMAT = "dwarf-with-dsym";
				ENABLE_NS_ASSERTIONS = NO;
				ENABLE_STRICT_OBJC_MSGSEND = YES;
				ENABLE_USER_SCRIPT_SANDBOXING = YES;
				GCC_C_LANGUAGE_STANDARD = gnu17;
				GCC_NO_COMMON_BLOCKS = YES;
				GCC_WARN_64_TO_32_BIT_CONVERSION = YES;
				GCC_WARN_ABOUT_RETURN_TYPE = YES_ERROR;
				GCC_WARN_UNDECLARED_SELECTOR = YES;
				GCC_WARN_UNINITIALIZED_AUTOS = YES_AGGRESSIVE;
				GCC_WARN_UNUSED_FUNCTION = YES;
				GCC_WARN_UNUSED_VARIABLE = YES;
				IPHONEOS_DEPLOYMENT_TARGET = 26.0;
				MTL_ENABLE_DEBUG_INFO = NO;
				MTL_FAST_MATH = YES;
				SDKROOT = iphoneos;
				SWIFT_COMPILATION_MODE = wholemodule;
				SWIFT_VERSION = 5.0;
				VALIDATE_PRODUCT = YES;
			};
			name = Release;
		};
/* End XCBuildConfiguration section */

/* Begin XCConfigurationList section */
		4A614144FF13435FAB57B9D6 /* Build configuration list for PBXProject "CoreApp" */ = {
			isa = XCConfigurationList;
			buildConfigurations = (
				894F68B63D234FF4AC28985C /* Debug */,
				F6C2AEE079F94A72B24E34A9 /* Release */,
			);
			defaultConfigurationIsVisible = 0;
			defaultConfigurationName = Release;
		};
		D2A98774D3C448358108B693 /* Build configuration list for PBXNativeTarget "CoreApp" */ = {
			isa = XCConfigurationList;
			buildConfigurations = (
				2F4A6E936AFF4C2C8CBF40F1 /* Debug */,
				36E472E7EF82429FAEEA1744 /* Release */,
			);
			defaultConfigurationIsVisible = 0;
			defaultConfigurationName = Release;
		};
/* End XCConfigurationList section */

/* Begin XCRemoteSwiftPackageReference section */
		CEAC1B87AD7D9BD3E6B9C73B /* XCRemoteSwiftPackageReference "GoogleSignIn-iOS" */ = {
			isa = XCRemoteSwiftPackageReference;
			repositoryURL = "https://github.com/google/GoogleSignIn-iOS";
			requirement = {
				kind = upToNextMajorVersion;
				minimumVersion = 7.1.0;
			};
		};
/* End XCRemoteSwiftPackageReference section */

/* Begin XCSwiftPackageProductDependency section */
		54C4DE7C53762B58BABB0672 /* GoogleSignInSwift */ = {
			isa = XCSwiftPackageProductDependency;
			package = CEAC1B87AD7D9BD3E6B9C73B /* XCRemoteSwiftPackageReference "GoogleSignIn-iOS" */;
			productName = GoogleSignInSwift;
		};
		A6395C7AB467517757FDA0C9 /* GoogleSignIn */ = {
			isa = XCSwiftPackageProductDependency;
			package = CEAC1B87AD7D9BD3E6B9C73B /* XCRemoteSwiftPackageReference "GoogleSignIn-iOS" */;
			productName = GoogleSignIn;
		};
/* End XCSwiftPackageProductDependency section */
	};
	rootObject = 1F7693C8176749AA86B3F729 /* Project object */;
}
